
Microsoft Visual Studio Solution File, Format Version 12.00
# Visual Studio Version 17
VisualStudioVersion = 17.4.33213.308
MinimumVisualStudioVersion = 10.0.40219.1
Project("{FAE04EC0-301F-11D3-BF4B-00C04F79EFBC}") = "Snake-WPF", "Snake-WPF\Snake-WPF.csproj", "{1EC8740C-DD1A-4248-B1CB-B42D38AD56C9}"
EndProject
Global
	GlobalSection(SolutionConfigurationPlatforms) = preSolution
		Debug|Any CPU = Debug|Any CPU
		Release|Any CPU = Release|Any CPU
	EndGlobalSection
	GlobalSection(ProjectConfigurationPlatforms) = postSolution
		{1EC8740C-DD1A-4248-B1CB-B42D38AD56C9}.Debug|Any CPU.ActiveCfg = Debug|Any CPU
		{1EC8740C-DD1A-4248-B1CB-B42D38AD56C9}.Debug|Any CPU.Build.0 = Debug|Any CPU
		{1EC8740C-DD1A-4248-B1CB-B42D38AD56C9}.Release|Any CPU.ActiveCfg = Release|Any CPU
		{1EC8740C-DD1A-4248-B1CB-B42D38AD56C9}.Release|Any CPU.Build.0 = Release|Any CPU
	EndGlobalSection
	GlobalSection(SolutionProperties) = preSolution
		HideSolutionNode = FALSE
	EndGlobalSection
	GlobalSection(ExtensibilityGlobals) = postSolution
		SolutionGuid = {E203F401-6604-4A67-A803-5AB1A86F2F43}
	EndGlobalSection
EndGlobal
